
Microsoft Visual Studio Solution File, Format Version 12.00
# Visual Studio Version 17
VisualStudioVersion = 17.4.33205.214
MinimumVisualStudioVersion = 10.0.40219.1
Project("{FAE04EC0-301F-11D3-BF4B-00C04F79EFBC}") = "LucroTotalPorTipoProduto", "LucroTotalPorTipoProduto.csproj", "{03965988-97F3-4BF3-AFBE-46AB3211E5D3}"
EndProject
Global
	GlobalSection(SolutionConfigurationPlatforms) = preSolution
		Debug|Any CPU = Debug|Any CPU
		Release|Any CPU = Release|Any CPU
	EndGlobalSection
	GlobalSection(ProjectConfigurationPlatforms) = postSolution
		{03965988-97F3-4BF3-AFBE-46AB3211E5D3}.Debug|Any CPU.ActiveCfg = Debug|Any CPU
		{03965988-97F3-4BF3-AFBE-46AB3211E5D3}.Debug|Any CPU.Build.0 = Debug|Any CPU
		{03965988-97F3-4BF3-AFBE-46AB3211E5D3}.Release|Any CPU.ActiveCfg = Release|Any CPU
		{03965988-97F3-4BF3-AFBE-46AB3211E5D3}.Release|Any CPU.Build.0 = Release|Any CPU
	EndGlobalSection
	GlobalSection(SolutionProperties) = preSolution
		HideSolutionNode = FALSE
	EndGlobalSection
	GlobalSection(ExtensibilityGlobals) = postSolution
		SolutionGuid = {1DAE2780-AE76-400D-BE3E-FC6E4441DAF4}
	EndGlobalSection
EndGlobal
